
Microsoft Visual Studio Solution File, Format Version 12.00
# Visual Studio Version 17
VisualStudioVersion = 17.4.33213.308
MinimumVisualStudioVersion = 10.0.40219.1
Project("{F184B08F-C81C-45F6-A57F-5ABD9991F28F}") = "PrjFaces", "PrjFaces\PrjFaces.vbproj", "{1784B803-D721-4266-B11B-BF7A15BE2E0A}"
EndProject
Global
	GlobalSection(SolutionConfigurationPlatforms) = preSolution
		Debug|Any CPU = Debug|Any CPU
		Release|Any CPU = Release|Any CPU
	EndGlobalSection
	GlobalSection(ProjectConfigurationPlatforms) = postSolution
		{1784B803-D721-4266-B11B-BF7A15BE2E0A}.Debug|Any CPU.ActiveCfg = Debug|Any CPU
		{1784B803-D721-4266-B11B-BF7A15BE2E0A}.Debug|Any CPU.Build.0 = Debug|Any CPU
		{1784B803-D721-4266-B11B-BF7A15BE2E0A}.Release|Any CPU.ActiveCfg = Release|Any CPU
		{1784B803-D721-4266-B11B-BF7A15BE2E0A}.Release|Any CPU.Build.0 = Release|Any CPU
	EndGlobalSection
	GlobalSection(SolutionProperties) = preSolution
		HideSolutionNode = FALSE
	EndGlobalSection
	GlobalSection(ExtensibilityGlobals) = postSolution
		SolutionGuid = {E6DC1C98-8038-422C-A17A-6C464605D015}
	EndGlobalSection
EndGlobal
